// !$*UTF8*$!
{
	archiveVersion = 1;
	classes = {
	};
	objectVersion = 46;
	objects = {

/* Begin PBXBuildFile section */
		846371541F6083F70077CE20 /* main.m in Sources */ = {isa = PBXBuildFile; fileRef = 846371531F6083F70077CE20 /* main.m */; };
		846371571F6083F70077CE20 /* AppDelegate.m in Sources */ = {isa = PBXBuildFile; fileRef = 846371561F6083F70077CE20 /* AppDelegate.m */; };
		8463715A1F6083F70077CE20 /* ViewController.m in Sources */ = {isa = PBXBuildFile; fileRef = 846371591F6083F70077CE20 /* ViewController.m */; };
		8463715D1F6083F70077CE20 /* Main.storyboard in Resources */ = {isa = PBXBuildFile; fileRef = 8463715B1F6083F70077CE20 /* Main.storyboard */; };
		8463715F1F6083F70077CE20 /* Assets.xcassets in Resources */ = {isa = PBXBuildFile; fileRef = 8463715E1F6083F70077CE20 /* Assets.xcassets */; };
		846371621F6083F70077CE20 /* LaunchScreen.storyboard in Resources */ = {isa = PBXBuildFile; fileRef = 846371601F6083F70077CE20 /* LaunchScreen.storyboard */; };
		8463716B1F6084E30077CE20 /* AMStudent.m in Sources */ = {isa = PBXBuildFile; fileRef = 8463716A1F6084E30077CE20 /* AMStudent.m */; };
/* End PBXBuildFile section */

/* Begin PBXFileReference section */
		8463714F1F6083F70077CE20 /* 16NSDate.app */ = {isa = PBXFileReference; explicitFileType = wrapper.application; includeInIndex = 0; path = 16NSDate.app; sourceTree = BUILT_PRODUCTS_DIR; };
		846371531F6083F70077CE20 /* main.m */ = {isa = PBXFileReference; lastKnownFileType = sourcecode.c.objc; path = main.m; sourceTree = "<group>"; };
		846371551F6083F70077CE20 /* AppDelegate.h */ = {isa = PBXFileReference; lastKnownFileType = sourcecode.c.h; path = AppDelegate.h; sourceTree = "<group>"; };
		846371561F6083F70077CE20 /* AppDelegate.m */ = {isa = PBXFileReference; lastKnownFileType = sourcecode.c.objc; path = AppDelegate.m; sourceTree = "<group>"; };
		846371581F6083F70077CE20 /* ViewController.h */ = {isa = PBXFileReference; lastKnownFileType = sourcecode.c.h; path = ViewController.h; sourceTree = "<group>"; };
		846371591F6083F70077CE20 /* ViewController.m */ = {isa = PBXFileReference; lastKnownFileType = sourcecode.c.objc; path = ViewController.m; sourceTree = "<group>"; };
		8463715C1F6083F70077CE20 /* Base */ = {isa = PBXFileReference; lastKnownFileType = file.storyboard; name = Base; path = Base.lproj/Main.storyboard; sourceTree = "<group>"; };
		8463715E1F6083F70077CE20 /* Assets.xcassets */ = {isa = PBXFileReference; lastKnownFileType = folder.assetcatalog; path = Assets.xcassets; sourceTree = "<group>"; };
		846371611F6083F70077CE20 /* Base */ = {isa = PBXFileReference; lastKnownFileType = file.storyboard; name = Base; path = Base.lproj/LaunchScreen.storyboard; sourceTree = "<group>"; };
		846371631F6083F70077CE20 /* Info.plist */ = {isa = PBXFileReference; lastKnownFileType = text.plist.xml; path = Info.plist; sourceTree = "<group>"; };
		846371691F6084E30077CE20 /* AMStudent.h */ = {isa = PBXFileReference; fileEncoding = 4; lastKnownFileType = sourcecode.c.h; path = AMStudent.h; sourceTree = "<group>"; };
		8463716A1F6084E30077CE20 /* AMStudent.m */ = {isa = PBXFileReference; fileEncoding = 4; lastKnownFileType = sourcecode.c.objc; path = AMStudent.m; sourceTree = "<group>"; };
/* End PBXFileReference section */

/* Begin PBXFrameworksBuildPhase section */
		8463714C1F6083F70077CE20 /* Frameworks */ = {
			isa = PBXFrameworksBuildPhase;
			buildActionMask = 2147483647;
			files = (
			);
			runOnlyForDeploymentPostprocessing = 0;
		};
/* End PBXFrameworksBuildPhase section */

/* Begin PBXGroup section */
		846371461F6083F70077CE20 = {
			isa = PBXGroup;
			children = (
				846371511F6083F70077CE20 /* 16NSDate */,
				846371501F6083F70077CE20 /* Products */,
			);
			sourceTree = "<group>";
		};
		846371501F6083F70077CE20 /* Products */ = {
			isa = PBXGroup;
			children = (
				8463714F1F6083F70077CE20 /* 16NSDate.app */,
			);
			name = Products;
			sourceTree = "<group>";
		};
		846371511F6083F70077CE20 /* 16NSDate */ = {
			isa = PBXGroup;
			children = (
				846371691F6084E30077CE20 /* AMStudent.h */,
				8463716A1F6084E30077CE20 /* AMStudent.m */,
				846371551F6083F70077CE20 /* AppDelegate.h */,
				846371561F6083F70077CE20 /* AppDelegate.m */,
				846371581F6083F70077CE20 /* ViewController.h */,
				846371591F6083F70077CE20 /* ViewController.m */,
				8463715B1F6083F70077CE20 /* Main.storyboard */,
				8463715E1F6083F70077CE20 /* Assets.xcassets */,
				846371601F6083F70077CE20 /* LaunchScreen.storyboard */,
				846371631F6083F70077CE20 /* Info.plist */,
				846371521F6083F70077CE20 /* Supporting Files */,
			);
			path = 16NSDate;
			sourceTree = "<group>";
		};
		846371521F6083F70077CE20 /* Supporting Files */ = {
			isa = PBXGroup;
			children = (
				846371531F6083F70077CE20 /* main.m */,
			);
			name = "Supporting Files";
			sourceTree = "<group>";
		};
/* End PBXGroup section */

/* Begin PBXNativeTarget section */
		8463714E1F6083F70077CE20 /* 16NSDate */ = {
			isa = PBXNativeTarget;
			buildConfigurationList = 846371661F6083F70077CE20 /* Build configuration list for PBXNativeTarget "16NSDate" */;
			buildPhases = (
				8463714B1F6083F70077CE20 /* Sources */,
				8463714C1F6083F70077CE20 /* Frameworks */,
				8463714D1F6083F70077CE20 /* Resources */,
			);
			buildRules = (
			);
			dependencies = (
			);
			name = 16NSDate;
			productName = 16NSDate;
			productReference = 8463714F1F6083F70077CE20 /* 16NSDate.app */;
			productType = "com.apple.product-type.application";
		};
/* End PBXNativeTarget section */

/* Begin PBXProject section */
		846371471F6083F70077CE20 /* Project object */ = {
			isa = PBXProject;
			attributes = {
				CLASSPREFIX = AM;
				LastUpgradeCheck = 0720;
				ORGANIZATIONNAME = "Anna Miksiuk";
				TargetAttributes = {
					8463714E1F6083F70077CE20 = {
						CreatedOnToolsVersion = 7.2;
					};
				};
			};
			buildConfigurationList = 8463714A1F6083F70077CE20 /* Build configuration list for PBXProject "16NSDate" */;
			compatibilityVersion = "Xcode 3.2";
			developmentRegion = English;
			hasScannedForEncodings = 0;
			knownRegions = (
				en,
				Base,
			);
			mainGroup = 846371461F6083F70077CE20;
			productRefGroup = 846371501F6083F70077CE20 /* Products */;
			projectDirPath = "";
			projectRoot = "";
			targets = (
				8463714E1F6083F70077CE20 /* 16NSDate */,
			);
		};
/* End PBXProject section */

/* Begin PBXResourcesBuildPhase section */
		8463714D1F6083F70077CE20 /* Resources */ = {
			isa = PBXResourcesBuildPhase;
			buildActionMask = 2147483647;
			files = (
				846371621F6083F70077CE20 /* LaunchScreen.storyboard in Resources */,
				8463715F1F6083F70077CE20 /* Assets.xcassets in Resources */,
				8463715D1F6083F70077CE20 /* Main.storyboard in Resources */,
			);
			runOnlyForDeploymentPostprocessing = 0;
		};
/* End PBXResourcesBuildPhase section */

/* Begin PBXSourcesBuildPhase section */
		8463714B1F6083F70077CE20 /* Sources */ = {
			isa = PBXSourcesBuildPhase;
			buildActionMask = 2147483647;
			files = (
				8463715A1F6083F70077CE20 /* ViewController.m in Sources */,
				846371571F6083F70077CE20 /* AppDelegate.m in Sources */,
				846371541F6083F70077CE20 /* main.m in Sources */,
				8463716B1F6084E30077CE20 /* AMStudent.m in Sources */,
			);
			runOnlyForDeploymentPostprocessing = 0;
		};
/* End PBXSourcesBuildPhase section */

/* Begin PBXVariantGroup section */
		8463715B1F6083F70077CE20 /* Main.storyboard */ = {
			isa = PBXVariantGroup;
			children = (
				8463715C1F6083F70077CE20 /* Base */,
			);
			name = Main.storyboard;
			sourceTree = "<group>";
		};
		846371601F6083F70077CE20 /* LaunchScreen.storyboard */ = {
			isa = PBXVariantGroup;
			children = (
				846371611F6083F70077CE20 /* Base */,
			);
			name = LaunchScreen.storyboard;
			sourceTree = "<group>";
		};
/* End PBXVariantGroup section */

/* Begin XCBuildConfiguration section */
		846371641F6083F70077CE20 /* Debug */ = {
			isa = XCBuildConfiguration;
			buildSettings = {
				ALWAYS_SEARCH_USER_PATHS = NO;
				CLANG_CXX_LANGUAGE_STANDARD = "gnu++0x";
				CLANG_CXX_LIBRARY = "libc++";
				CLANG_ENABLE_MODULES = YES;
				CLANG_ENABLE_OBJC_ARC = YES;
				CLANG_WARN_BOOL_CONVERSION = YES;
				CLANG_WARN_CONSTANT_CONVERSION = YES;
				CLANG_WARN_DIRECT_OBJC_ISA_USAGE = YES_ERROR;
				CLANG_WARN_EMPTY_BODY = YES;
				CLANG_WARN_ENUM_CONVERSION = YES;
				CLANG_WARN_INT_CONVERSION = YES;
				CLANG_WARN_OBJC_ROOT_CLASS = YES_ERROR;
				CLANG_WARN_UNREACHABLE_CODE = YES;
				CLANG_WARN__DUPLICATE_METHOD_MATCH = YES;
				"CODE_SIGN_IDENTITY[sdk=iphoneos*]" = "iPhone Developer";
				COPY_PHASE_STRIP = NO;
				DEBUG_INFORMATION_FORMAT = dwarf;
				ENABLE_STRICT_OBJC_MSGSEND = YES;
				ENABLE_TESTABILITY = YES;
				GCC_C_LANGUAGE_STANDARD = gnu99;
				GCC_DYNAMIC_NO_PIC = NO;
				GCC_NO_COMMON_BLOCKS = YES;
				GCC_OPTIMIZATION_LEVEL = 0;
				GCC_PREPROCESSOR_DEFINITIONS = (
					"DEBUG=1",
					"$(inherited)",
				);
				GCC_WARN_64_TO_32_BIT_CONVERSION = YES;
				GCC_WARN_ABOUT_RETURN_TYPE = YES_ERROR;
				GCC_WARN_UNDECLARED_SELECTOR = YES;
				GCC_WARN_UNINITIALIZED_AUTOS = YES_AGGRESSIVE;
				GCC_WARN_UNUSED_FUNCTION = YES;
				GCC_WARN_UNUSED_VARIABLE = YES;
				IPHONEOS_DEPLOYMENT_TARGET = 9.2;
				MTL_ENABLE_DEBUG_INFO = YES;
				ONLY_ACTIVE_ARCH = YES;
				SDKROOT = iphoneos;
				TARGETED_DEVICE_FAMILY = "1,2";
			};
			name = Debug;
		};
		846371651F6083F70077CE20 /* Release */ = {
			isa = XCBuildConfiguration;
			buildSettings = {
				ALWAYS_SEARCH_USER_PATHS = NO;
				CLANG_CXX_LANGUAGE_STANDARD = "gnu++0x";
				CLANG_CXX_LIBRARY = "libc++";
				CLANG_ENABLE_MODULES = YES;
				CLANG_ENABLE_OBJC_ARC = YES;
				CLANG_WARN_BOOL_CONVERSION = YES;
				CLANG_WARN_CONSTANT_CONVERSION = YES;
				CLANG_WARN_DIRECT_OBJC_ISA_USAGE = YES_ERROR;
				CLANG_WARN_EMPTY_BODY = YES;
				CLANG_WARN_ENUM_CONVERSION = YES;
				CLANG_WARN_INT_CONVERSION = YES;
				CLANG_WARN_OBJC_ROOT_CLASS = YES_ERROR;
				CLANG_WARN_UNREACHABLE_CODE = YES;
				CLANG_WARN__DUPLICATE_METHOD_MATCH = YES;
				"CODE_SIGN_IDENTITY[sdk=iphoneos*]" = "iPhone Developer";
				COPY_PHASE_STRIP = NO;
				DEBUG_INFORMATION_FORMAT = "dwarf-with-dsym";
				ENABLE_NS_ASSERTIONS = NO;
				ENABLE_STRICT_OBJC_MSGSEND = YES;
				GCC_C_LANGUAGE_STANDARD = gnu99;
				GCC_NO_COMMON_BLOCKS = YES;
				GCC_WARN_64_TO_32_BIT_CONVERSION = YES;
				GCC_WARN_ABOUT_RETURN_TYPE = YES_ERROR;
				GCC_WARN_UNDECLARED_SELECTOR = YES;
				GCC_WARN_UNINITIALIZED_AUTOS = YES_AGGRESSIVE;
				GCC_WARN_UNUSED_FUNCTION = YES;
				GCC_WARN_UNUSED_VARIABLE = YES;
				IPHONEOS_DEPLOYMENT_TARGET = 9.2;
				MTL_ENABLE_DEBUG_INFO = NO;
				SDKROOT = iphoneos;
				TARGETED_DEVICE_FAMILY = "1,2";
				VALIDATE_PRODUCT = YES;
			};
			name = Release;
		};
		846371671F6083F70077CE20 /* Debug */ = {
			isa = XCBuildConfiguration;
			buildSettings = {
				ASSETCATALOG_COMPILER_APPICON_NAME = AppIcon;
				INFOPLIST_FILE = 16NSDate/Info.plist;
				LD_RUNPATH_SEARCH_PATHS = "$(inherited) @executable_path/Frameworks";
				PRODUCT_BUNDLE_IDENTIFIER = "MAN.-6NSDate";
				PRODUCT_NAME = "$(TARGET_NAME)";
			};
			name = Debug;
		};
		846371681F6083F70077CE20 /* Release */ = {
			isa = XCBuildConfiguration;
			buildSettings = {
				ASSETCATALOG_COMPILER_APPICON_NAME = AppIcon;
				INFOPLIST_FILE = 16NSDate/Info.plist;
				LD_RUNPATH_SEARCH_PATHS = "$(inherited) @executable_path/Frameworks";
				PRODUCT_BUNDLE_IDENTIFIER = "MAN.-6NSDate";
				PRODUCT_NAME = "$(TARGET_NAME)";
			};
			name = Release;
		};
/* End XCBuildConfiguration section */

/* Begin XCConfigurationList section */
		8463714A1F6083F70077CE20 /* Build configuration list for PBXProject "16NSDate" */ = {
			isa = XCConfigurationList;
			buildConfigurations = (
				846371641F6083F70077CE20 /* Debug */,
				846371651F6083F70077CE20 /* Release */,
			);
			defaultConfigurationIsVisible = 0;
			defaultConfigurationName = Release;
		};
		846371661F6083F70077CE20 /* Build configuration list for PBXNativeTarget "16NSDate" */ = {
			isa = XCConfigurationList;
			buildConfigurations = (
				846371671F6083F70077CE20 /* Debug */,
				846371681F6083F70077CE20 /* Release */,
			);
			defaultConfigurationIsVisible = 0;
		};
/* End XCConfigurationList section */
	};
	rootObject = 846371471F6083F70077CE20 /* Project object */;
}
