// !$*UTF8*$!
{
	archiveVersion = 1;
	classes = {
	};
	objectVersion = 46;
	objects = {

/* Begin PBXBuildFile section */
		84650EF11F8817AD00156182 /* main.m in Sources */ = {isa = PBXBuildFile; fileRef = 84650EF01F8817AD00156182 /* main.m */; };
		84650EF41F8817AD00156182 /* AppDelegate.m in Sources */ = {isa = PBXBuildFile; fileRef = 84650EF31F8817AD00156182 /* AppDelegate.m */; };
		84650EFA1F8817AD00156182 /* Main.storyboard in Resources */ = {isa = PBXBuildFile; fileRef = 84650EF81F8817AD00156182 /* Main.storyboard */; };
		84650EFC1F8817AD00156182 /* Assets.xcassets in Resources */ = {isa = PBXBuildFile; fileRef = 84650EFB1F8817AD00156182 /* Assets.xcassets */; };
		84650EFF1F8817AD00156182 /* LaunchScreen.storyboard in Resources */ = {isa = PBXBuildFile; fileRef = 84650EFD1F8817AD00156182 /* LaunchScreen.storyboard */; };
		84650F0B1F881A2E00156182 /* AMTableViewController.m in Sources */ = {isa = PBXBuildFile; fileRef = 84650F0A1F881A2E00156182 /* AMTableViewController.m */; };
/* End PBXBuildFile section */

/* Begin PBXFileReference section */
		84650EEC1F8817AD00156182 /* 29UITableViewStatic.app */ = {isa = PBXFileReference; explicitFileType = wrapper.application; includeInIndex = 0; path = 29UITableViewStatic.app; sourceTree = BUILT_PRODUCTS_DIR; };
		84650EF01F8817AD00156182 /* main.m */ = {isa = PBXFileReference; lastKnownFileType = sourcecode.c.objc; path = main.m; sourceTree = "<group>"; };
		84650EF21F8817AD00156182 /* AppDelegate.h */ = {isa = PBXFileReference; lastKnownFileType = sourcecode.c.h; path = AppDelegate.h; sourceTree = "<group>"; };
		84650EF31F8817AD00156182 /* AppDelegate.m */ = {isa = PBXFileReference; lastKnownFileType = sourcecode.c.objc; path = AppDelegate.m; sourceTree = "<group>"; };
		84650EF91F8817AD00156182 /* Base */ = {isa = PBXFileReference; lastKnownFileType = file.storyboard; name = Base; path = Base.lproj/Main.storyboard; sourceTree = "<group>"; };
		84650EFB1F8817AD00156182 /* Assets.xcassets */ = {isa = PBXFileReference; lastKnownFileType = folder.assetcatalog; path = Assets.xcassets; sourceTree = "<group>"; };
		84650EFE1F8817AD00156182 /* Base */ = {isa = PBXFileReference; lastKnownFileType = file.storyboard; name = Base; path = Base.lproj/LaunchScreen.storyboard; sourceTree = "<group>"; };
		84650F001F8817AD00156182 /* Info.plist */ = {isa = PBXFileReference; lastKnownFileType = text.plist.xml; path = Info.plist; sourceTree = "<group>"; };
		84650F091F881A2E00156182 /* AMTableViewController.h */ = {isa = PBXFileReference; fileEncoding = 4; lastKnownFileType = sourcecode.c.h; path = AMTableViewController.h; sourceTree = "<group>"; };
		84650F0A1F881A2E00156182 /* AMTableViewController.m */ = {isa = PBXFileReference; fileEncoding = 4; lastKnownFileType = sourcecode.c.objc; path = AMTableViewController.m; sourceTree = "<group>"; };
/* End PBXFileReference section */

/* Begin PBXFrameworksBuildPhase section */
		84650EE91F8817AD00156182 /* Frameworks */ = {
			isa = PBXFrameworksBuildPhase;
			buildActionMask = 2147483647;
			files = (
			);
			runOnlyForDeploymentPostprocessing = 0;
		};
/* End PBXFrameworksBuildPhase section */

/* Begin PBXGroup section */
		84650EE31F8817AD00156182 = {
			isa = PBXGroup;
			children = (
				84650EEE1F8817AD00156182 /* 29UITableViewStatic */,
				84650EED1F8817AD00156182 /* Products */,
			);
			sourceTree = "<group>";
		};
		84650EED1F8817AD00156182 /* Products */ = {
			isa = PBXGroup;
			children = (
				84650EEC1F8817AD00156182 /* 29UITableViewStatic.app */,
			);
			name = Products;
			sourceTree = "<group>";
		};
		84650EEE1F8817AD00156182 /* 29UITableViewStatic */ = {
			isa = PBXGroup;
			children = (
				84650EF21F8817AD00156182 /* AppDelegate.h */,
				84650EF31F8817AD00156182 /* AppDelegate.m */,
				84650F091F881A2E00156182 /* AMTableViewController.h */,
				84650F0A1F881A2E00156182 /* AMTableViewController.m */,
				84650EF81F8817AD00156182 /* Main.storyboard */,
				84650EFB1F8817AD00156182 /* Assets.xcassets */,
				84650EFD1F8817AD00156182 /* LaunchScreen.storyboard */,
				84650F001F8817AD00156182 /* Info.plist */,
				84650EEF1F8817AD00156182 /* Supporting Files */,
			);
			path = 29UITableViewStatic;
			sourceTree = "<group>";
		};
		84650EEF1F8817AD00156182 /* Supporting Files */ = {
			isa = PBXGroup;
			children = (
				84650EF01F8817AD00156182 /* main.m */,
			);
			name = "Supporting Files";
			sourceTree = "<group>";
		};
/* End PBXGroup section */

/* Begin PBXNativeTarget section */
		84650EEB1F8817AD00156182 /* 29UITableViewStatic */ = {
			isa = PBXNativeTarget;
			buildConfigurationList = 84650F031F8817AD00156182 /* Build configuration list for PBXNativeTarget "29UITableViewStatic" */;
			buildPhases = (
				84650EE81F8817AD00156182 /* Sources */,
				84650EE91F8817AD00156182 /* Frameworks */,
				84650EEA1F8817AD00156182 /* Resources */,
			);
			buildRules = (
			);
			dependencies = (
			);
			name = 29UITableViewStatic;
			productName = 29UITableViewStatic;
			productReference = 84650EEC1F8817AD00156182 /* 29UITableViewStatic.app */;
			productType = "com.apple.product-type.application";
		};
/* End PBXNativeTarget section */

/* Begin PBXProject section */
		84650EE41F8817AD00156182 /* Project object */ = {
			isa = PBXProject;
			attributes = {
				LastUpgradeCheck = 0720;
				ORGANIZATIONNAME = "Anna Miksiuk";
				TargetAttributes = {
					84650EEB1F8817AD00156182 = {
						CreatedOnToolsVersion = 7.2;
					};
				};
			};
			buildConfigurationList = 84650EE71F8817AD00156182 /* Build configuration list for PBXProject "29UITableViewStatic" */;
			compatibilityVersion = "Xcode 3.2";
			developmentRegion = English;
			hasScannedForEncodings = 0;
			knownRegions = (
				en,
				Base,
			);
			mainGroup = 84650EE31F8817AD00156182;
			productRefGroup = 84650EED1F8817AD00156182 /* Products */;
			projectDirPath = "";
			projectRoot = "";
			targets = (
				84650EEB1F8817AD00156182 /* 29UITableViewStatic */,
			);
		};
/* End PBXProject section */

/* Begin PBXResourcesBuildPhase section */
		84650EEA1F8817AD00156182 /* Resources */ = {
			isa = PBXResourcesBuildPhase;
			buildActionMask = 2147483647;
			files = (
				84650EFF1F8817AD00156182 /* LaunchScreen.storyboard in Resources */,
				84650EFC1F8817AD00156182 /* Assets.xcassets in Resources */,
				84650EFA1F8817AD00156182 /* Main.storyboard in Resources */,
			);
			runOnlyForDeploymentPostprocessing = 0;
		};
/* End PBXResourcesBuildPhase section */

/* Begin PBXSourcesBuildPhase section */
		84650EE81F8817AD00156182 /* Sources */ = {
			isa = PBXSourcesBuildPhase;
			buildActionMask = 2147483647;
			files = (
				84650EF41F8817AD00156182 /* AppDelegate.m in Sources */,
				84650F0B1F881A2E00156182 /* AMTableViewController.m in Sources */,
				84650EF11F8817AD00156182 /* main.m in Sources */,
			);
			runOnlyForDeploymentPostprocessing = 0;
		};
/* End PBXSourcesBuildPhase section */

/* Begin PBXVariantGroup section */
		84650EF81F8817AD00156182 /* Main.storyboard */ = {
			isa = PBXVariantGroup;
			children = (
				84650EF91F8817AD00156182 /* Base */,
			);
			name = Main.storyboard;
			sourceTree = "<group>";
		};
		84650EFD1F8817AD00156182 /* LaunchScreen.storyboard */ = {
			isa = PBXVariantGroup;
			children = (
				84650EFE1F8817AD00156182 /* Base */,
			);
			name = LaunchScreen.storyboard;
			sourceTree = "<group>";
		};
/* End PBXVariantGroup section */

/* Begin XCBuildConfiguration section */
		84650F011F8817AD00156182 /* Debug */ = {
			isa = XCBuildConfiguration;
			buildSettings = {
				ALWAYS_SEARCH_USER_PATHS = NO;
				CLANG_CXX_LANGUAGE_STANDARD = "gnu++0x";
				CLANG_CXX_LIBRARY = "libc++";
				CLANG_ENABLE_MODULES = YES;
				CLANG_ENABLE_OBJC_ARC = YES;
				CLANG_WARN_BOOL_CONVERSION = YES;
				CLANG_WARN_CONSTANT_CONVERSION = YES;
				CLANG_WARN_DIRECT_OBJC_ISA_USAGE = YES_ERROR;
				CLANG_WARN_EMPTY_BODY = YES;
				CLANG_WARN_ENUM_CONVERSION = YES;
				CLANG_WARN_INT_CONVERSION = YES;
				CLANG_WARN_OBJC_ROOT_CLASS = YES_ERROR;
				CLANG_WARN_UNREACHABLE_CODE = YES;
				CLANG_WARN__DUPLICATE_METHOD_MATCH = YES;
				"CODE_SIGN_IDENTITY[sdk=iphoneos*]" = "iPhone Developer";
				COPY_PHASE_STRIP = NO;
				DEBUG_INFORMATION_FORMAT = dwarf;
				ENABLE_STRICT_OBJC_MSGSEND = YES;
				ENABLE_TESTABILITY = YES;
				GCC_C_LANGUAGE_STANDARD = gnu99;
				GCC_DYNAMIC_NO_PIC = NO;
				GCC_NO_COMMON_BLOCKS = YES;
				GCC_OPTIMIZATION_LEVEL = 0;
				GCC_PREPROCESSOR_DEFINITIONS = (
					"DEBUG=1",
					"$(inherited)",
				);
				GCC_WARN_64_TO_32_BIT_CONVERSION = YES;
				GCC_WARN_ABOUT_RETURN_TYPE = YES_ERROR;
				GCC_WARN_UNDECLARED_SELECTOR = YES;
				GCC_WARN_UNINITIALIZED_AUTOS = YES_AGGRESSIVE;
				GCC_WARN_UNUSED_FUNCTION = YES;
				GCC_WARN_UNUSED_VARIABLE = YES;
				IPHONEOS_DEPLOYMENT_TARGET = 9.2;
				MTL_ENABLE_DEBUG_INFO = YES;
				ONLY_ACTIVE_ARCH = YES;
				SDKROOT = iphoneos;
			};
			name = Debug;
		};
		84650F021F8817AD00156182 /* Release */ = {
			isa = XCBuildConfiguration;
			buildSettings = {
				ALWAYS_SEARCH_USER_PATHS = NO;
				CLANG_CXX_LANGUAGE_STANDARD = "gnu++0x";
				CLANG_CXX_LIBRARY = "libc++";
				CLANG_ENABLE_MODULES = YES;
				CLANG_ENABLE_OBJC_ARC = YES;
				CLANG_WARN_BOOL_CONVERSION = YES;
				CLANG_WARN_CONSTANT_CONVERSION = YES;
				CLANG_WARN_DIRECT_OBJC_ISA_USAGE = YES_ERROR;
				CLANG_WARN_EMPTY_BODY = YES;
				CLANG_WARN_ENUM_CONVERSION = YES;
				CLANG_WARN_INT_CONVERSION = YES;
				CLANG_WARN_OBJC_ROOT_CLASS = YES_ERROR;
				CLANG_WARN_UNREACHABLE_CODE = YES;
				CLANG_WARN__DUPLICATE_METHOD_MATCH = YES;
				"CODE_SIGN_IDENTITY[sdk=iphoneos*]" = "iPhone Developer";
				COPY_PHASE_STRIP = NO;
				DEBUG_INFORMATION_FORMAT = "dwarf-with-dsym";
				ENABLE_NS_ASSERTIONS = NO;
				ENABLE_STRICT_OBJC_MSGSEND = YES;
				GCC_C_LANGUAGE_STANDARD = gnu99;
				GCC_NO_COMMON_BLOCKS = YES;
				GCC_WARN_64_TO_32_BIT_CONVERSION = YES;
				GCC_WARN_ABOUT_RETURN_TYPE = YES_ERROR;
				GCC_WARN_UNDECLARED_SELECTOR = YES;
				GCC_WARN_UNINITIALIZED_AUTOS = YES_AGGRESSIVE;
				GCC_WARN_UNUSED_FUNCTION = YES;
				GCC_WARN_UNUSED_VARIABLE = YES;
				IPHONEOS_DEPLOYMENT_TARGET = 9.2;
				MTL_ENABLE_DEBUG_INFO = NO;
				SDKROOT = iphoneos;
				VALIDATE_PRODUCT = YES;
			};
			name = Release;
		};
		84650F041F8817AD00156182 /* Debug */ = {
			isa = XCBuildConfiguration;
			buildSettings = {
				ASSETCATALOG_COMPILER_APPICON_NAME = AppIcon;
				INFOPLIST_FILE = 29UITableViewStatic/Info.plist;
				LD_RUNPATH_SEARCH_PATHS = "$(inherited) @executable_path/Frameworks";
				PRODUCT_BUNDLE_IDENTIFIER = "MAN.-9UITableViewStatic";
				PRODUCT_NAME = "$(TARGET_NAME)";
			};
			name = Debug;
		};
		84650F051F8817AD00156182 /* Release */ = {
			isa = XCBuildConfiguration;
			buildSettings = {
				ASSETCATALOG_COMPILER_APPICON_NAME = AppIcon;
				INFOPLIST_FILE = 29UITableViewStatic/Info.plist;
				LD_RUNPATH_SEARCH_PATHS = "$(inherited) @executable_path/Frameworks";
				PRODUCT_BUNDLE_IDENTIFIER = "MAN.-9UITableViewStatic";
				PRODUCT_NAME = "$(TARGET_NAME)";
			};
			name = Release;
		};
/* End XCBuildConfiguration section */

/* Begin XCConfigurationList section */
		84650EE71F8817AD00156182 /* Build configuration list for PBXProject "29UITableViewStatic" */ = {
			isa = XCConfigurationList;
			buildConfigurations = (
				84650F011F8817AD00156182 /* Debug */,
				84650F021F8817AD00156182 /* Release */,
			);
			defaultConfigurationIsVisible = 0;
			defaultConfigurationName = Release;
		};
		84650F031F8817AD00156182 /* Build configuration list for PBXNativeTarget "29UITableViewStatic" */ = {
			isa = XCConfigurationList;
			buildConfigurations = (
				84650F041F8817AD00156182 /* Debug */,
				84650F051F8817AD00156182 /* Release */,
			);
			defaultConfigurationIsVisible = 0;
		};
/* End XCConfigurationList section */
	};
	rootObject = 84650EE41F8817AD00156182 /* Project object */;
}
